
Microsoft Visual Studio Solution File, Format Version 12.00
# Visual Studio Version 16
VisualStudioVersion = 16.0.29613.14
MinimumVisualStudioVersion = 10.0.40219.1
Project("{FAE04EC0-301F-11D3-BF4B-00C04F79EFBC}") = "simpleCRUDapi", "simpleCRUDapi.csproj", "{6FD5B85F-A79D-4CCD-989D-32B4D8A6A414}"
EndProject
Global
	GlobalSection(SolutionConfigurationPlatforms) = preSolution
		Debug|Any CPU = Debug|Any CPU
		Release|Any CPU = Release|Any CPU
	EndGlobalSection
	GlobalSection(ProjectConfigurationPlatforms) = postSolution
		{6FD5B85F-A79D-4CCD-989D-32B4D8A6A414}.Debug|Any CPU.ActiveCfg = Debug|Any CPU
		{6FD5B85F-A79D-4CCD-989D-32B4D8A6A414}.Debug|Any CPU.Build.0 = Debug|Any CPU
		{6FD5B85F-A79D-4CCD-989D-32B4D8A6A414}.Release|Any CPU.ActiveCfg = Release|Any CPU
		{6FD5B85F-A79D-4CCD-989D-32B4D8A6A414}.Release|Any CPU.Build.0 = Release|Any CPU
	EndGlobalSection
	GlobalSection(SolutionProperties) = preSolution
		HideSolutionNode = FALSE
	EndGlobalSection
	GlobalSection(ExtensibilityGlobals) = postSolution
		SolutionGuid = {0F6C2F91-E9AD-4774-9ABD-6AD1EA4FB733}
	EndGlobalSection
EndGlobal
